
Microsoft Visual Studio Solution File, Format Version 12.00
# Visual Studio Version 17
VisualStudioVersion = 17.10.35027.167
MinimumVisualStudioVersion = 10.0.40219.1
Project("{FAE04EC0-301F-11D3-BF4B-00C04F79EFBC}") = "Ispit.Model", "Ispit.Model\Ispit.Model.csproj", "{AD07AA99-FFA3-4F60-BBB0-2523EB926248}"
EndProject
Global
	GlobalSection(SolutionConfigurationPlatforms) = preSolution
		Debug|Any CPU = Debug|Any CPU
		Release|Any CPU = Release|Any CPU
	EndGlobalSection
	GlobalSection(ProjectConfigurationPlatforms) = postSolution
		{AD07AA99-FFA3-4F60-BBB0-2523EB926248}.Debug|Any CPU.ActiveCfg = Debug|Any CPU
		{AD07AA99-FFA3-4F60-BBB0-2523EB926248}.Debug|Any CPU.Build.0 = Debug|Any CPU
		{AD07AA99-FFA3-4F60-BBB0-2523EB926248}.Release|Any CPU.ActiveCfg = Release|Any CPU
		{AD07AA99-FFA3-4F60-BBB0-2523EB926248}.Release|Any CPU.Build.0 = Release|Any CPU
	EndGlobalSection
	GlobalSection(SolutionProperties) = preSolution
		HideSolutionNode = FALSE
	EndGlobalSection
	GlobalSection(ExtensibilityGlobals) = postSolution
		SolutionGuid = {349DA6B8-1EB4-4BF8-A455-DD0824074DD0}
	EndGlobalSection
EndGlobal
